
Microsoft Visual Studio Solution File, Format Version 12.00
# Visual Studio Version 17
VisualStudioVersion = 17.4.33122.133
MinimumVisualStudioVersion = 10.0.40219.1
Project("{FAE04EC0-301F-11D3-BF4B-00C04F79EFBC}") = "RandNumber", "RandNumber\RandNumber.csproj", "{C2EE2AD5-4514-45EE-8825-BF228B8DF9F4}"
EndProject
Global
	GlobalSection(SolutionConfigurationPlatforms) = preSolution
		Debug|Any CPU = Debug|Any CPU
		Release|Any CPU = Release|Any CPU
	EndGlobalSection
	GlobalSection(ProjectConfigurationPlatforms) = postSolution
		{C2EE2AD5-4514-45EE-8825-BF228B8DF9F4}.Debug|Any CPU.ActiveCfg = Debug|Any CPU
		{C2EE2AD5-4514-45EE-8825-BF228B8DF9F4}.Debug|Any CPU.Build.0 = Debug|Any CPU
		{C2EE2AD5-4514-45EE-8825-BF228B8DF9F4}.Release|Any CPU.ActiveCfg = Release|Any CPU
		{C2EE2AD5-4514-45EE-8825-BF228B8DF9F4}.Release|Any CPU.Build.0 = Release|Any CPU
	EndGlobalSection
	GlobalSection(SolutionProperties) = preSolution
		HideSolutionNode = FALSE
	EndGlobalSection
	GlobalSection(ExtensibilityGlobals) = postSolution
		SolutionGuid = {13C34315-874A-4B94-8D8B-4B164F7B314D}
	EndGlobalSection
EndGlobal
